
Microsoft Visual Studio Solution File, Format Version 12.00
# Visual Studio Version 16
VisualStudioVersion = 16.0.31727.386
MinimumVisualStudioVersion = 10.0.40219.1
Project("{FAE04EC0-301F-11D3-BF4B-00C04F79EFBC}") = "WEBTecsup", "WEBTecsup\WEBTecsup.csproj", "{5E86D47B-CF12-4734-BC12-A982B2098EAB}"
EndProject
Project("{FAE04EC0-301F-11D3-BF4B-00C04F79EFBC}") = "Response", "..\APITecsup13\Response\Response.csproj", "{0AB375E4-22BA-4D4D-AB04-204386205526}"
EndProject
Global
	GlobalSection(SolutionConfigurationPlatforms) = preSolution
		Debug|Any CPU = Debug|Any CPU
		Release|Any CPU = Release|Any CPU
	EndGlobalSection
	GlobalSection(ProjectConfigurationPlatforms) = postSolution
		{5E86D47B-CF12-4734-BC12-A982B2098EAB}.Debug|Any CPU.ActiveCfg = Debug|Any CPU
		{5E86D47B-CF12-4734-BC12-A982B2098EAB}.Debug|Any CPU.Build.0 = Debug|Any CPU
		{5E86D47B-CF12-4734-BC12-A982B2098EAB}.Release|Any CPU.ActiveCfg = Release|Any CPU
		{5E86D47B-CF12-4734-BC12-A982B2098EAB}.Release|Any CPU.Build.0 = Release|Any CPU
		{0AB375E4-22BA-4D4D-AB04-204386205526}.Debug|Any CPU.ActiveCfg = Debug|Any CPU
		{0AB375E4-22BA-4D4D-AB04-204386205526}.Debug|Any CPU.Build.0 = Debug|Any CPU
		{0AB375E4-22BA-4D4D-AB04-204386205526}.Release|Any CPU.ActiveCfg = Release|Any CPU
		{0AB375E4-22BA-4D4D-AB04-204386205526}.Release|Any CPU.Build.0 = Release|Any CPU
	EndGlobalSection
	GlobalSection(SolutionProperties) = preSolution
		HideSolutionNode = FALSE
	EndGlobalSection
	GlobalSection(ExtensibilityGlobals) = postSolution
		SolutionGuid = {296B87FA-9C06-40FB-9D71-9E28F63B09B1}
	EndGlobalSection
EndGlobal
